{
  "requires": true,
  "lockfileVersion": 1,
  "dependencies": {
    "adm-zip": {
      "version": "0.5.16",
      "resolved": "https://registry.npmmirror.com/adm-zip/-/adm-zip-0.5.16.tgz",
      "integrity": "sha512-TGw5yVi4saajsSEgz25grObGHEUaDrniwvA2qwSC060KfqGPdglhvPMA2lPIoxs3PQIItj2iag35fONcQqgUaQ=="
    },
    "node-jvm": {
      "version": "file:node-jvm",
      "requires": {
        "adm-zip": ">=0.4.11"
      }
    }
  }
}
